
Microsoft Visual Studio Solution File, Format Version 12.00
# Visual Studio Version 16
VisualStudioVersion = 16.0.31729.503
MinimumVisualStudioVersion = 10.0.40219.1
Project("{8BC9CEB8-8B4A-11D0-8D11-00A0C91BC942}") = "CGFinal_201804010", "CGFinal_201804010\CGFinal_201804010.vcxproj", "{5619F92E-EBAA-42D2-BAB9-1E08D2E82986}"
EndProject
Global
	GlobalSection(SolutionConfigurationPlatforms) = preSolution
		Debug|x64 = Debug|x64
		Debug|x86 = Debug|x86
		Release|x64 = Release|x64
		Release|x86 = Release|x86
	EndGlobalSection
	GlobalSection(ProjectConfigurationPlatforms) = postSolution
		{5619F92E-EBAA-42D2-BAB9-1E08D2E82986}.Debug|x64.ActiveCfg = Debug|x64
		{5619F92E-EBAA-42D2-BAB9-1E08D2E82986}.Debug|x64.Build.0 = Debug|x64
		{5619F92E-EBAA-42D2-BAB9-1E08D2E82986}.Debug|x86.ActiveCfg = Debug|Win32
		{5619F92E-EBAA-42D2-BAB9-1E08D2E82986}.Debug|x86.Build.0 = Debug|Win32
		{5619F92E-EBAA-42D2-BAB9-1E08D2E82986}.Release|x64.ActiveCfg = Release|x64
		{5619F92E-EBAA-42D2-BAB9-1E08D2E82986}.Release|x64.Build.0 = Release|x64
		{5619F92E-EBAA-42D2-BAB9-1E08D2E82986}.Release|x86.ActiveCfg = Release|Win32
		{5619F92E-EBAA-42D2-BAB9-1E08D2E82986}.Release|x86.Build.0 = Release|Win32
	EndGlobalSection
	GlobalSection(SolutionProperties) = preSolution
		HideSolutionNode = FALSE
	EndGlobalSection
	GlobalSection(ExtensibilityGlobals) = postSolution
		SolutionGuid = {4210DCAA-B49C-4496-A02C-5602E7B898F4}
	EndGlobalSection
EndGlobal
